
Microsoft Visual Studio Solution File, Format Version 12.00
# Visual Studio 15
VisualStudioVersion = 15.0.27130.2036
MinimumVisualStudioVersion = 10.0.40219.1
Project("{FAE04EC0-301F-11D3-BF4B-00C04F79EFBC}") = "Integra7Random_Xamarin", "Integra7Random_Xamarin\Integra7Random_Xamarin\Integra7Random_Xamarin.csproj", "{F83947B5-BBAE-4870-95B8-A69C372271E1}"
EndProject
Project("{FAE04EC0-301F-11D3-BF4B-00C04F79EFBC}") = "Integra7Random_Xamarin_UWP", "Integra7Random_Xamarin\Integra7Random_Xamarin.UWP\Integra7Random_Xamarin_UWP.csproj", "{1993ADF0-8059-458A-9D9A-75BF01BD98F5}"
EndProject
Project("{FAE04EC0-301F-11D3-BF4B-00C04F79EFBC}") = "Integra7Random_Xamarin_Android", "Integra7Random_Xamarin\Integra7Random_Xamarin.Android\Integra7Random_Xamarin_Android.csproj", "{2A8B4BC4-4F87-4C04-9CBB-2C3AB1B2A1DA}"
EndProject
Project("{FAE04EC0-301F-11D3-BF4B-00C04F79EFBC}") = "Integra7Random_Xamarin.iOS", "Integra7Random_Xamarin\Integra7Random_Xamarin.iOS\Integra7Random_Xamarin.iOS.csproj", "{24A11694-AD4C-438A-A22B-9CDD2924B697}"
EndProject
Project("{FAE04EC0-301F-11D3-BF4B-00C04F79EFBC}") = "Integra7Random_Xamarin_MacOS", "Integra7Random_Xamarin\Integra7Random_Xamarin_MacOS\Integra7Random_Xamarin_MacOS.csproj", "{E9897E2B-4BEC-49D4-83B5-086E352FEC66}"
EndProject
Global
	GlobalSection(SolutionConfigurationPlatforms) = preSolution
		Ad-Hoc|Any CPU = Ad-Hoc|Any CPU
		Ad-Hoc|ARM = Ad-Hoc|ARM
		Ad-Hoc|Device = Ad-Hoc|Device
		Ad-Hoc|iPhone = Ad-Hoc|iPhone
		Ad-Hoc|iPhoneSimulator = Ad-Hoc|iPhoneSimulator
		Ad-Hoc|x64 = Ad-Hoc|x64
		Ad-Hoc|x86 = Ad-Hoc|x86
		AppStore|Any CPU = AppStore|Any CPU
		AppStore|ARM = AppStore|ARM
		AppStore|Device = AppStore|Device
		AppStore|iPhone = AppStore|iPhone
		AppStore|iPhoneSimulator = AppStore|iPhoneSimulator
		AppStore|x64 = AppStore|x64
		AppStore|x86 = AppStore|x86
		Debug|Any CPU = Debug|Any CPU
		Debug|ARM = Debug|ARM
		Debug|Device = Debug|Device
		Debug|iPhone = Debug|iPhone
		Debug|iPhoneSimulator = Debug|iPhoneSimulator
		Debug|x64 = Debug|x64
		Debug|x86 = Debug|x86
		Release|Any CPU = Release|Any CPU
		Release|ARM = Release|ARM
		Release|Device = Release|Device
		Release|iPhone = Release|iPhone
		Release|iPhoneSimulator = Release|iPhoneSimulator
		Release|x64 = Release|x64
		Release|x86 = Release|x86
	EndGlobalSection
	GlobalSection(ProjectConfigurationPlatforms) = postSolution
		{F83947B5-BBAE-4870-95B8-A69C372271E1}.Ad-Hoc|Any CPU.ActiveCfg = Release|Any CPU
		{F83947B5-BBAE-4870-95B8-A69C372271E1}.Ad-Hoc|Any CPU.Build.0 = Release|Any CPU
		{F83947B5-BBAE-4870-95B8-A69C372271E1}.Ad-Hoc|ARM.ActiveCfg = Release|Any CPU
		{F83947B5-BBAE-4870-95B8-A69C372271E1}.Ad-Hoc|ARM.Build.0 = Release|Any CPU
		{F83947B5-BBAE-4870-95B8-A69C372271E1}.Ad-Hoc|Device.ActiveCfg = Release|Any CPU
		{F83947B5-BBAE-4870-95B8-A69C372271E1}.Ad-Hoc|Device.Build.0 = Release|Any CPU
		{F83947B5-BBAE-4870-95B8-A69C372271E1}.Ad-Hoc|iPhone.ActiveCfg = Release|Any CPU
		{F83947B5-BBAE-4870-95B8-A69C372271E1}.Ad-Hoc|iPhone.Build.0 = Release|Any CPU
		{F83947B5-BBAE-4870-95B8-A69C372271E1}.Ad-Hoc|iPhoneSimulator.ActiveCfg = Release|Any CPU
		{F83947B5-BBAE-4870-95B8-A69C372271E1}.Ad-Hoc|iPhoneSimulator.Build.0 = Release|Any CPU
		{F83947B5-BBAE-4870-95B8-A69C372271E1}.Ad-Hoc|x64.ActiveCfg = Release|Any CPU
		{F83947B5-BBAE-4870-95B8-A69C372271E1}.Ad-Hoc|x64.Build.0 = Release|Any CPU
		{F83947B5-BBAE-4870-95B8-A69C372271E1}.Ad-Hoc|x86.ActiveCfg = Release|Any CPU
		{F83947B5-BBAE-4870-95B8-A69C372271E1}.Ad-Hoc|x86.Build.0 = Release|Any CPU
		{F83947B5-BBAE-4870-95B8-A69C372271E1}.AppStore|Any CPU.ActiveCfg = Release|Any CPU
		{F83947B5-BBAE-4870-95B8-A69C372271E1}.AppStore|Any CPU.Build.0 = Release|Any CPU
		{F83947B5-BBAE-4870-95B8-A69C372271E1}.AppStore|ARM.ActiveCfg = Release|Any CPU
		{F83947B5-BBAE-4870-95B8-A69C372271E1}.AppStore|ARM.Build.0 = Release|Any CPU
		{F83947B5-BBAE-4870-95B8-A69C372271E1}.AppStore|Device.ActiveCfg = Release|Any CPU
		{F83947B5-BBAE-4870-95B8-A69C372271E1}.AppStore|Device.Build.0 = Release|Any CPU
		{F83947B5-BBAE-4870-95B8-A69C372271E1}.AppStore|iPhone.ActiveCfg = Release|Any CPU
		{F83947B5-BBAE-4870-95B8-A69C372271E1}.AppStore|iPhone.Build.0 = Release|Any CPU
		{F83947B5-BBAE-4870-95B8-A69C372271E1}.AppStore|iPhoneSimulator.ActiveCfg = Release|Any CPU
		{F83947B5-BBAE-4870-95B8-A69C372271E1}.AppStore|iPhoneSimulator.Build.0 = Release|Any CPU
		{F83947B5-BBAE-4870-95B8-A69C372271E1}.AppStore|x64.ActiveCfg = Release|Any CPU
		{F83947B5-BBAE-4870-95B8-A69C372271E1}.AppStore|x64.Build.0 = Release|Any CPU
		{F83947B5-BBAE-4870-95B8-A69C372271E1}.AppStore|x86.ActiveCfg = Release|Any CPU
		{F83947B5-BBAE-4870-95B8-A69C372271E1}.AppStore|x86.Build.0 = Release|Any CPU
		{F83947B5-BBAE-4870-95B8-A69C372271E1}.Debug|Any CPU.ActiveCfg = Debug|Any CPU
		{F83947B5-BBAE-4870-95B8-A69C372271E1}.Debug|Any CPU.Build.0 = Debug|Any CPU
		{F83947B5-BBAE-4870-95B8-A69C372271E1}.Debug|ARM.ActiveCfg = Debug|Any CPU
		{F83947B5-BBAE-4870-95B8-A69C372271E1}.Debug|ARM.Build.0 = Debug|Any CPU
		{F83947B5-BBAE-4870-95B8-A69C372271E1}.Debug|Device.ActiveCfg = Debug|Any CPU
		{F83947B5-BBAE-4870-95B8-A69C372271E1}.Debug|Device.Build.0 = Debug|Any CPU
		{F83947B5-BBAE-4870-95B8-A69C372271E1}.Debug|iPhone.ActiveCfg = Debug|Any CPU
		{F83947B5-BBAE-4870-95B8-A69C372271E1}.Debug|iPhone.Build.0 = Debug|Any CPU
		{F83947B5-BBAE-4870-95B8-A69C372271E1}.Debug|iPhoneSimulator.ActiveCfg = Debug|Any CPU
		{F83947B5-BBAE-4870-95B8-A69C372271E1}.Debug|iPhoneSimulator.Build.0 = Debug|Any CPU
		{F83947B5-BBAE-4870-95B8-A69C372271E1}.Debug|x64.ActiveCfg = Debug|Any CPU
		{F83947B5-BBAE-4870-95B8-A69C372271E1}.Debug|x64.Build.0 = Debug|Any CPU
		{F83947B5-BBAE-4870-95B8-A69C372271E1}.Debug|x86.ActiveCfg = Debug|Any CPU
		{F83947B5-BBAE-4870-95B8-A69C372271E1}.Debug|x86.Build.0 = Debug|Any CPU
		{F83947B5-BBAE-4870-95B8-A69C372271E1}.Release|Any CPU.ActiveCfg = Release|Any CPU
		{F83947B5-BBAE-4870-95B8-A69C372271E1}.Release|Any CPU.Build.0 = Release|Any CPU
		{F83947B5-BBAE-4870-95B8-A69C372271E1}.Release|ARM.ActiveCfg = Release|Any CPU
		{F83947B5-BBAE-4870-95B8-A69C372271E1}.Release|ARM.Build.0 = Release|Any CPU
		{F83947B5-BBAE-4870-95B8-A69C372271E1}.Release|Device.ActiveCfg = Release|Any CPU
		{F83947B5-BBAE-4870-95B8-A69C372271E1}.Release|Device.Build.0 = Release|Any CPU
		{F83947B5-BBAE-4870-95B8-A69C372271E1}.Release|iPhone.ActiveCfg = Release|Any CPU
		{F83947B5-BBAE-4870-95B8-A69C372271E1}.Release|iPhone.Build.0 = Release|Any CPU
		{F83947B5-BBAE-4870-95B8-A69C372271E1}.Release|iPhoneSimulator.ActiveCfg = Release|Any CPU
		{F83947B5-BBAE-4870-95B8-A69C372271E1}.Release|iPhoneSimulator.Build.0 = Release|Any CPU
		{F83947B5-BBAE-4870-95B8-A69C372271E1}.Release|x64.ActiveCfg = Release|Any CPU
		{F83947B5-BBAE-4870-95B8-A69C372271E1}.Release|x64.Build.0 = Release|Any CPU
		{F83947B5-BBAE-4870-95B8-A69C372271E1}.Release|x86.ActiveCfg = Release|Any CPU
		{F83947B5-BBAE-4870-95B8-A69C372271E1}.Release|x86.Build.0 = Release|Any CPU
		{1993ADF0-8059-458A-9D9A-75BF01BD98F5}.Ad-Hoc|Any CPU.ActiveCfg = Release|x86
		{1993ADF0-8059-458A-9D9A-75BF01BD98F5}.Ad-Hoc|Any CPU.Build.0 = Release|x86
		{1993ADF0-8059-458A-9D9A-75BF01BD98F5}.Ad-Hoc|Any CPU.Deploy.0 = Release|x86
		{1993ADF0-8059-458A-9D9A-75BF01BD98F5}.Ad-Hoc|ARM.ActiveCfg = Release|ARM
		{1993ADF0-8059-458A-9D9A-75BF01BD98F5}.Ad-Hoc|ARM.Build.0 = Release|ARM
		{1993ADF0-8059-458A-9D9A-75BF01BD98F5}.Ad-Hoc|ARM.Deploy.0 = Release|ARM
		{1993ADF0-8059-458A-9D9A-75BF01BD98F5}.Ad-Hoc|Device.ActiveCfg = Release|ARM
		{1993ADF0-8059-458A-9D9A-75BF01BD98F5}.Ad-Hoc|Device.Build.0 = Release|ARM
		{1993ADF0-8059-458A-9D9A-75BF01BD98F5}.Ad-Hoc|Device.Deploy.0 = Release|ARM
		{1993ADF0-8059-458A-9D9A-75BF01BD98F5}.Ad-Hoc|iPhone.ActiveCfg = Release|x86
		{1993ADF0-8059-458A-9D9A-75BF01BD98F5}.Ad-Hoc|iPhone.Build.0 = Release|x86
		{1993ADF0-8059-458A-9D9A-75BF01BD98F5}.Ad-Hoc|iPhone.Deploy.0 = Release|x86
		{1993ADF0-8059-458A-9D9A-75BF01BD98F5}.Ad-Hoc|iPhoneSimulator.ActiveCfg = Release|x86
		{1993ADF0-8059-458A-9D9A-75BF01BD98F5}.Ad-Hoc|iPhoneSimulator.Build.0 = Release|x86
		{1993ADF0-8059-458A-9D9A-75BF01BD98F5}.Ad-Hoc|iPhoneSimulator.Deploy.0 = Release|x86
		{1993ADF0-8059-458A-9D9A-75BF01BD98F5}.Ad-Hoc|x64.ActiveCfg = Release|x64
		{1993ADF0-8059-458A-9D9A-75BF01BD98F5}.Ad-Hoc|x64.Build.0 = Release|x64
		{1993ADF0-8059-458A-9D9A-75BF01BD98F5}.Ad-Hoc|x64.Deploy.0 = Release|x64
		{1993ADF0-8059-458A-9D9A-75BF01BD98F5}.Ad-Hoc|x86.ActiveCfg = Release|x86
		{1993ADF0-8059-458A-9D9A-75BF01BD98F5}.Ad-Hoc|x86.Build.0 = Release|x86
		{1993ADF0-8059-458A-9D9A-75BF01BD98F5}.Ad-Hoc|x86.Deploy.0 = Release|x86
		{1993ADF0-8059-458A-9D9A-75BF01BD98F5}.AppStore|Any CPU.ActiveCfg = Release|x86
		{1993ADF0-8059-458A-9D9A-75BF01BD98F5}.AppStore|Any CPU.Build.0 = Release|x86
		{1993ADF0-8059-458A-9D9A-75BF01BD98F5}.AppStore|Any CPU.Deploy.0 = Release|x86
		{1993ADF0-8059-458A-9D9A-75BF01BD98F5}.AppStore|ARM.ActiveCfg = Release|ARM
		{1993ADF0-8059-458A-9D9A-75BF01BD98F5}.AppStore|ARM.Build.0 = Release|ARM
		{1993ADF0-8059-458A-9D9A-75BF01BD98F5}.AppStore|ARM.Deploy.0 = Release|ARM
		{1993ADF0-8059-458A-9D9A-75BF01BD98F5}.AppStore|Device.ActiveCfg = Release|ARM
		{1993ADF0-8059-458A-9D9A-75BF01BD98F5}.AppStore|Device.Build.0 = Release|ARM
		{1993ADF0-8059-458A-9D9A-75BF01BD98F5}.AppStore|Device.Deploy.0 = Release|ARM
		{1993ADF0-8059-458A-9D9A-75BF01BD98F5}.AppStore|iPhone.ActiveCfg = Release|x86
		{1993ADF0-8059-458A-9D9A-75BF01BD98F5}.AppStore|iPhone.Build.0 = Release|x86
		{1993ADF0-8059-458A-9D9A-75BF01BD98F5}.AppStore|iPhone.Deploy.0 = Release|x86
		{1993ADF0-8059-458A-9D9A-75BF01BD98F5}.AppStore|iPhoneSimulator.ActiveCfg = Release|x86
		{1993ADF0-8059-458A-9D9A-75BF01BD98F5}.AppStore|iPhoneSimulator.Build.0 = Release|x86
		{1993ADF0-8059-458A-9D9A-75BF01BD98F5}.AppStore|iPhoneSimulator.Deploy.0 = Release|x86
		{1993ADF0-8059-458A-9D9A-75BF01BD98F5}.AppStore|x64.ActiveCfg = Release|x64
		{1993ADF0-8059-458A-9D9A-75BF01BD98F5}.AppStore|x64.Build.0 = Release|x64
		{1993ADF0-8059-458A-9D9A-75BF01BD98F5}.AppStore|x64.Deploy.0 = Release|x64
		{1993ADF0-8059-458A-9D9A-75BF01BD98F5}.AppStore|x86.ActiveCfg = Release|x86
		{1993ADF0-8059-458A-9D9A-75BF01BD98F5}.AppStore|x86.Build.0 = Release|x86
		{1993ADF0-8059-458A-9D9A-75BF01BD98F5}.AppStore|x86.Deploy.0 = Release|x86
		{1993ADF0-8059-458A-9D9A-75BF01BD98F5}.Debug|Any CPU.ActiveCfg = Debug|x86
		{1993ADF0-8059-458A-9D9A-75BF01BD98F5}.Debug|ARM.ActiveCfg = Debug|ARM
		{1993ADF0-8059-458A-9D9A-75BF01BD98F5}.Debug|ARM.Build.0 = Debug|ARM
		{1993ADF0-8059-458A-9D9A-75BF01BD98F5}.Debug|ARM.Deploy.0 = Debug|ARM
		{1993ADF0-8059-458A-9D9A-75BF01BD98F5}.Debug|Device.ActiveCfg = Debug|ARM
		{1993ADF0-8059-458A-9D9A-75BF01BD98F5}.Debug|Device.Build.0 = Debug|ARM
		{1993ADF0-8059-458A-9D9A-75BF01BD98F5}.Debug|Device.Deploy.0 = Debug|ARM
		{1993ADF0-8059-458A-9D9A-75BF01BD98F5}.Debug|iPhone.ActiveCfg = Debug|x86
		{1993ADF0-8059-458A-9D9A-75BF01BD98F5}.Debug|iPhoneSimulator.ActiveCfg = Debug|x86
		{1993ADF0-8059-458A-9D9A-75BF01BD98F5}.Debug|x64.ActiveCfg = Debug|x64
		{1993ADF0-8059-458A-9D9A-75BF01BD98F5}.Debug|x64.Build.0 = Debug|x64
		{1993ADF0-8059-458A-9D9A-75BF01BD98F5}.Debug|x64.Deploy.0 = Debug|x64
		{1993ADF0-8059-458A-9D9A-75BF01BD98F5}.Debug|x86.ActiveCfg = Debug|x86
		{1993ADF0-8059-458A-9D9A-75BF01BD98F5}.Debug|x86.Build.0 = Debug|x86
		{1993ADF0-8059-458A-9D9A-75BF01BD98F5}.Debug|x86.Deploy.0 = Debug|x86
		{1993ADF0-8059-458A-9D9A-75BF01BD98F5}.Release|Any CPU.ActiveCfg = Release|x86
		{1993ADF0-8059-458A-9D9A-75BF01BD98F5}.Release|ARM.ActiveCfg = Release|ARM
		{1993ADF0-8059-458A-9D9A-75BF01BD98F5}.Release|ARM.Build.0 = Release|ARM
		{1993ADF0-8059-458A-9D9A-75BF01BD98F5}.Release|ARM.Deploy.0 = Release|ARM
		{1993ADF0-8059-458A-9D9A-75BF01BD98F5}.Release|Device.ActiveCfg = Release|ARM
		{1993ADF0-8059-458A-9D9A-75BF01BD98F5}.Release|Device.Build.0 = Release|ARM
		{1993ADF0-8059-458A-9D9A-75BF01BD98F5}.Release|Device.Deploy.0 = Release|ARM
		{1993ADF0-8059-458A-9D9A-75BF01BD98F5}.Release|iPhone.ActiveCfg = Release|x86
		{1993ADF0-8059-458A-9D9A-75BF01BD98F5}.Release|iPhoneSimulator.ActiveCfg = Release|x86
		{1993ADF0-8059-458A-9D9A-75BF01BD98F5}.Release|x64.ActiveCfg = Release|x64
		{1993ADF0-8059-458A-9D9A-75BF01BD98F5}.Release|x64.Build.0 = Release|x64
		{1993ADF0-8059-458A-9D9A-75BF01BD98F5}.Release|x64.Deploy.0 = Release|x64
		{1993ADF0-8059-458A-9D9A-75BF01BD98F5}.Release|x86.ActiveCfg = Release|x86
		{1993ADF0-8059-458A-9D9A-75BF01BD98F5}.Release|x86.Build.0 = Release|x86
		{1993ADF0-8059-458A-9D9A-75BF01BD98F5}.Release|x86.Deploy.0 = Release|x86
		{2A8B4BC4-4F87-4C04-9CBB-2C3AB1B2A1DA}.Ad-Hoc|Any CPU.ActiveCfg = Release|Any CPU
		{2A8B4BC4-4F87-4C04-9CBB-2C3AB1B2A1DA}.Ad-Hoc|Any CPU.Build.0 = Release|Any CPU
		{2A8B4BC4-4F87-4C04-9CBB-2C3AB1B2A1DA}.Ad-Hoc|ARM.ActiveCfg = Release|Any CPU
		{2A8B4BC4-4F87-4C04-9CBB-2C3AB1B2A1DA}.Ad-Hoc|ARM.Build.0 = Release|Any CPU
		{2A8B4BC4-4F87-4C04-9CBB-2C3AB1B2A1DA}.Ad-Hoc|ARM.Deploy.0 = Release|Any CPU
		{2A8B4BC4-4F87-4C04-9CBB-2C3AB1B2A1DA}.Ad-Hoc|Device.ActiveCfg = Release|Any CPU
		{2A8B4BC4-4F87-4C04-9CBB-2C3AB1B2A1DA}.Ad-Hoc|Device.Build.0 = Release|Any CPU
		{2A8B4BC4-4F87-4C04-9CBB-2C3AB1B2A1DA}.Ad-Hoc|Device.Deploy.0 = Release|Any CPU
		{2A8B4BC4-4F87-4C04-9CBB-2C3AB1B2A1DA}.Ad-Hoc|iPhone.ActiveCfg = Release|Any CPU
		{2A8B4BC4-4F87-4C04-9CBB-2C3AB1B2A1DA}.Ad-Hoc|iPhone.Build.0 = Release|Any CPU
		{2A8B4BC4-4F87-4C04-9CBB-2C3AB1B2A1DA}.Ad-Hoc|iPhone.Deploy.0 = Release|Any CPU
		{2A8B4BC4-4F87-4C04-9CBB-2C3AB1B2A1DA}.Ad-Hoc|iPhoneSimulator.ActiveCfg = Release|Any CPU
		{2A8B4BC4-4F87-4C04-9CBB-2C3AB1B2A1DA}.Ad-Hoc|iPhoneSimulator.Build.0 = Release|Any CPU
		{2A8B4BC4-4F87-4C04-9CBB-2C3AB1B2A1DA}.Ad-Hoc|iPhoneSimulator.Deploy.0 = Release|Any CPU
		{2A8B4BC4-4F87-4C04-9CBB-2C3AB1B2A1DA}.Ad-Hoc|x64.ActiveCfg = Release|Any CPU
		{2A8B4BC4-4F87-4C04-9CBB-2C3AB1B2A1DA}.Ad-Hoc|x64.Build.0 = Release|Any CPU
		{2A8B4BC4-4F87-4C04-9CBB-2C3AB1B2A1DA}.Ad-Hoc|x64.Deploy.0 = Release|Any CPU
		{2A8B4BC4-4F87-4C04-9CBB-2C3AB1B2A1DA}.Ad-Hoc|x86.ActiveCfg = Release|Any CPU
		{2A8B4BC4-4F87-4C04-9CBB-2C3AB1B2A1DA}.Ad-Hoc|x86.Build.0 = Release|Any CPU
		{2A8B4BC4-4F87-4C04-9CBB-2C3AB1B2A1DA}.Ad-Hoc|x86.Deploy.0 = Release|Any CPU
		{2A8B4BC4-4F87-4C04-9CBB-2C3AB1B2A1DA}.AppStore|Any CPU.ActiveCfg = Release|Any CPU
		{2A8B4BC4-4F87-4C04-9CBB-2C3AB1B2A1DA}.AppStore|Any CPU.Build.0 = Release|Any CPU
		{2A8B4BC4-4F87-4C04-9CBB-2C3AB1B2A1DA}.AppStore|Any CPU.Deploy.0 = Release|Any CPU
		{2A8B4BC4-4F87-4C04-9CBB-2C3AB1B2A1DA}.AppStore|ARM.ActiveCfg = Release|Any CPU
		{2A8B4BC4-4F87-4C04-9CBB-2C3AB1B2A1DA}.AppStore|ARM.Build.0 = Release|Any CPU
		{2A8B4BC4-4F87-4C04-9CBB-2C3AB1B2A1DA}.AppStore|ARM.Deploy.0 = Release|Any CPU
		{2A8B4BC4-4F87-4C04-9CBB-2C3AB1B2A1DA}.AppStore|Device.ActiveCfg = Release|Any CPU
		{2A8B4BC4-4F87-4C04-9CBB-2C3AB1B2A1DA}.AppStore|Device.Build.0 = Release|Any CPU
		{2A8B4BC4-4F87-4C04-9CBB-2C3AB1B2A1DA}.AppStore|Device.Deploy.0 = Release|Any CPU
		{2A8B4BC4-4F87-4C04-9CBB-2C3AB1B2A1DA}.AppStore|iPhone.ActiveCfg = Release|Any CPU
		{2A8B4BC4-4F87-4C04-9CBB-2C3AB1B2A1DA}.AppStore|iPhone.Build.0 = Release|Any CPU
		{2A8B4BC4-4F87-4C04-9CBB-2C3AB1B2A1DA}.AppStore|iPhone.Deploy.0 = Release|Any CPU
		{2A8B4BC4-4F87-4C04-9CBB-2C3AB1B2A1DA}.AppStore|iPhoneSimulator.ActiveCfg = Release|Any CPU
		{2A8B4BC4-4F87-4C04-9CBB-2C3AB1B2A1DA}.AppStore|iPhoneSimulator.Build.0 = Release|Any CPU
		{2A8B4BC4-4F87-4C04-9CBB-2C3AB1B2A1DA}.AppStore|iPhoneSimulator.Deploy.0 = Release|Any CPU
		{2A8B4BC4-4F87-4C04-9CBB-2C3AB1B2A1DA}.AppStore|x64.ActiveCfg = Release|Any CPU
		{2A8B4BC4-4F87-4C04-9CBB-2C3AB1B2A1DA}.AppStore|x64.Build.0 = Release|Any CPU
		{2A8B4BC4-4F87-4C04-9CBB-2C3AB1B2A1DA}.AppStore|x64.Deploy.0 = Release|Any CPU
		{2A8B4BC4-4F87-4C04-9CBB-2C3AB1B2A1DA}.AppStore|x86.ActiveCfg = Release|Any CPU
		{2A8B4BC4-4F87-4C04-9CBB-2C3AB1B2A1DA}.AppStore|x86.Build.0 = Release|Any CPU
		{2A8B4BC4-4F87-4C04-9CBB-2C3AB1B2A1DA}.AppStore|x86.Deploy.0 = Release|Any CPU
		{2A8B4BC4-4F87-4C04-9CBB-2C3AB1B2A1DA}.Debug|Any CPU.ActiveCfg = Debug|Any CPU
		{2A8B4BC4-4F87-4C04-9CBB-2C3AB1B2A1DA}.Debug|Any CPU.Build.0 = Debug|Any CPU
		{2A8B4BC4-4F87-4C04-9CBB-2C3AB1B2A1DA}.Debug|Any CPU.Deploy.0 = Debug|Any CPU
		{2A8B4BC4-4F87-4C04-9CBB-2C3AB1B2A1DA}.Debug|ARM.ActiveCfg = Debug|Any CPU
		{2A8B4BC4-4F87-4C04-9CBB-2C3AB1B2A1DA}.Debug|ARM.Build.0 = Debug|Any CPU
		{2A8B4BC4-4F87-4C04-9CBB-2C3AB1B2A1DA}.Debug|ARM.Deploy.0 = Debug|Any CPU
		{2A8B4BC4-4F87-4C04-9CBB-2C3AB1B2A1DA}.Debug|Device.ActiveCfg = Debug|Any CPU
		{2A8B4BC4-4F87-4C04-9CBB-2C3AB1B2A1DA}.Debug|Device.Build.0 = Debug|Any CPU
		{2A8B4BC4-4F87-4C04-9CBB-2C3AB1B2A1DA}.Debug|Device.Deploy.0 = Debug|Any CPU
		{2A8B4BC4-4F87-4C04-9CBB-2C3AB1B2A1DA}.Debug|iPhone.ActiveCfg = Debug|Any CPU
		{2A8B4BC4-4F87-4C04-9CBB-2C3AB1B2A1DA}.Debug|iPhone.Build.0 = Debug|Any CPU
		{2A8B4BC4-4F87-4C04-9CBB-2C3AB1B2A1DA}.Debug|iPhone.Deploy.0 = Debug|Any CPU
		{2A8B4BC4-4F87-4C04-9CBB-2C3AB1B2A1DA}.Debug|iPhoneSimulator.ActiveCfg = Debug|Any CPU
		{2A8B4BC4-4F87-4C04-9CBB-2C3AB1B2A1DA}.Debug|iPhoneSimulator.Build.0 = Debug|Any CPU
		{2A8B4BC4-4F87-4C04-9CBB-2C3AB1B2A1DA}.Debug|iPhoneSimulator.Deploy.0 = Debug|Any CPU
		{2A8B4BC4-4F87-4C04-9CBB-2C3AB1B2A1DA}.Debug|x64.ActiveCfg = Debug|Any CPU
		{2A8B4BC4-4F87-4C04-9CBB-2C3AB1B2A1DA}.Debug|x64.Build.0 = Debug|Any CPU
		{2A8B4BC4-4F87-4C04-9CBB-2C3AB1B2A1DA}.Debug|x64.Deploy.0 = Debug|Any CPU
		{2A8B4BC4-4F87-4C04-9CBB-2C3AB1B2A1DA}.Debug|x86.ActiveCfg = Debug|Any CPU
		{2A8B4BC4-4F87-4C04-9CBB-2C3AB1B2A1DA}.Debug|x86.Build.0 = Debug|Any CPU
		{2A8B4BC4-4F87-4C04-9CBB-2C3AB1B2A1DA}.Debug|x86.Deploy.0 = Debug|Any CPU
		{2A8B4BC4-4F87-4C04-9CBB-2C3AB1B2A1DA}.Release|Any CPU.ActiveCfg = Release|Any CPU
		{2A8B4BC4-4F87-4C04-9CBB-2C3AB1B2A1DA}.Release|Any CPU.Build.0 = Release|Any CPU
		{2A8B4BC4-4F87-4C04-9CBB-2C3AB1B2A1DA}.Release|Any CPU.Deploy.0 = Release|Any CPU
		{2A8B4BC4-4F87-4C04-9CBB-2C3AB1B2A1DA}.Release|ARM.ActiveCfg = Release|Any CPU
		{2A8B4BC4-4F87-4C04-9CBB-2C3AB1B2A1DA}.Release|ARM.Build.0 = Release|Any CPU
		{2A8B4BC4-4F87-4C04-9CBB-2C3AB1B2A1DA}.Release|ARM.Deploy.0 = Release|Any CPU
		{2A8B4BC4-4F87-4C04-9CBB-2C3AB1B2A1DA}.Release|Device.ActiveCfg = Release|Any CPU
		{2A8B4BC4-4F87-4C04-9CBB-2C3AB1B2A1DA}.Release|Device.Build.0 = Release|Any CPU
		{2A8B4BC4-4F87-4C04-9CBB-2C3AB1B2A1DA}.Release|Device.Deploy.0 = Release|Any CPU
		{2A8B4BC4-4F87-4C04-9CBB-2C3AB1B2A1DA}.Release|iPhone.ActiveCfg = Release|Any CPU
		{2A8B4BC4-4F87-4C04-9CBB-2C3AB1B2A1DA}.Release|iPhone.Build.0 = Release|Any CPU
		{2A8B4BC4-4F87-4C04-9CBB-2C3AB1B2A1DA}.Release|iPhone.Deploy.0 = Release|Any CPU
		{2A8B4BC4-4F87-4C04-9CBB-2C3AB1B2A1DA}.Release|iPhoneSimulator.ActiveCfg = Release|Any CPU
		{2A8B4BC4-4F87-4C04-9CBB-2C3AB1B2A1DA}.Release|iPhoneSimulator.Build.0 = Release|Any CPU
		{2A8B4BC4-4F87-4C04-9CBB-2C3AB1B2A1DA}.Release|iPhoneSimulator.Deploy.0 = Release|Any CPU
		{2A8B4BC4-4F87-4C04-9CBB-2C3AB1B2A1DA}.Release|x64.ActiveCfg = Release|Any CPU
		{2A8B4BC4-4F87-4C04-9CBB-2C3AB1B2A1DA}.Release|x64.Build.0 = Release|Any CPU
		{2A8B4BC4-4F87-4C04-9CBB-2C3AB1B2A1DA}.Release|x64.Deploy.0 = Release|Any CPU
		{2A8B4BC4-4F87-4C04-9CBB-2C3AB1B2A1DA}.Release|x86.ActiveCfg = Release|Any CPU
		{2A8B4BC4-4F87-4C04-9CBB-2C3AB1B2A1DA}.Release|x86.Build.0 = Release|Any CPU
		{2A8B4BC4-4F87-4C04-9CBB-2C3AB1B2A1DA}.Release|x86.Deploy.0 = Release|Any CPU
		{24A11694-AD4C-438A-A22B-9CDD2924B697}.Ad-Hoc|Any CPU.ActiveCfg = Ad-Hoc|iPhone
		{24A11694-AD4C-438A-A22B-9CDD2924B697}.Ad-Hoc|ARM.ActiveCfg = Ad-Hoc|iPhone
		{24A11694-AD4C-438A-A22B-9CDD2924B697}.Ad-Hoc|Device.ActiveCfg = Ad-Hoc|iPhone
		{24A11694-AD4C-438A-A22B-9CDD2924B697}.Ad-Hoc|iPhone.ActiveCfg = Ad-Hoc|iPhone
		{24A11694-AD4C-438A-A22B-9CDD2924B697}.Ad-Hoc|iPhone.Build.0 = Ad-Hoc|iPhone
		{24A11694-AD4C-438A-A22B-9CDD2924B697}.Ad-Hoc|iPhoneSimulator.ActiveCfg = Ad-Hoc|iPhoneSimulator
		{24A11694-AD4C-438A-A22B-9CDD2924B697}.Ad-Hoc|iPhoneSimulator.Build.0 = Ad-Hoc|iPhoneSimulator
		{24A11694-AD4C-438A-A22B-9CDD2924B697}.Ad-Hoc|x64.ActiveCfg = Ad-Hoc|iPhone
		{24A11694-AD4C-438A-A22B-9CDD2924B697}.Ad-Hoc|x86.ActiveCfg = Ad-Hoc|iPhone
		{24A11694-AD4C-438A-A22B-9CDD2924B697}.AppStore|Any CPU.ActiveCfg = AppStore|iPhone
		{24A11694-AD4C-438A-A22B-9CDD2924B697}.AppStore|ARM.ActiveCfg = AppStore|iPhone
		{24A11694-AD4C-438A-A22B-9CDD2924B697}.AppStore|Device.ActiveCfg = AppStore|iPhone
		{24A11694-AD4C-438A-A22B-9CDD2924B697}.AppStore|iPhone.ActiveCfg = AppStore|iPhone
		{24A11694-AD4C-438A-A22B-9CDD2924B697}.AppStore|iPhone.Build.0 = AppStore|iPhone
		{24A11694-AD4C-438A-A22B-9CDD2924B697}.AppStore|iPhoneSimulator.ActiveCfg = AppStore|iPhoneSimulator
		{24A11694-AD4C-438A-A22B-9CDD2924B697}.AppStore|iPhoneSimulator.Build.0 = AppStore|iPhoneSimulator
		{24A11694-AD4C-438A-A22B-9CDD2924B697}.AppStore|x64.ActiveCfg = AppStore|iPhone
		{24A11694-AD4C-438A-A22B-9CDD2924B697}.AppStore|x86.ActiveCfg = AppStore|iPhone
		{24A11694-AD4C-438A-A22B-9CDD2924B697}.Debug|Any CPU.ActiveCfg = Debug|iPhone
		{24A11694-AD4C-438A-A22B-9CDD2924B697}.Debug|ARM.ActiveCfg = Debug|iPhone
		{24A11694-AD4C-438A-A22B-9CDD2924B697}.Debug|Device.ActiveCfg = Debug|iPhone
		{24A11694-AD4C-438A-A22B-9CDD2924B697}.Debug|iPhone.ActiveCfg = Debug|iPhone
		{24A11694-AD4C-438A-A22B-9CDD2924B697}.Debug|iPhone.Build.0 = Debug|iPhone
		{24A11694-AD4C-438A-A22B-9CDD2924B697}.Debug|iPhoneSimulator.ActiveCfg = Debug|iPhoneSimulator
		{24A11694-AD4C-438A-A22B-9CDD2924B697}.Debug|iPhoneSimulator.Build.0 = Debug|iPhoneSimulator
		{24A11694-AD4C-438A-A22B-9CDD2924B697}.Debug|x64.ActiveCfg = Debug|iPhone
		{24A11694-AD4C-438A-A22B-9CDD2924B697}.Debug|x86.ActiveCfg = Debug|iPhone
		{24A11694-AD4C-438A-A22B-9CDD2924B697}.Release|Any CPU.ActiveCfg = Release|iPhone
		{24A11694-AD4C-438A-A22B-9CDD2924B697}.Release|ARM.ActiveCfg = Release|iPhone
		{24A11694-AD4C-438A-A22B-9CDD2924B697}.Release|Device.ActiveCfg = Release|iPhone
		{24A11694-AD4C-438A-A22B-9CDD2924B697}.Release|iPhone.ActiveCfg = Release|iPhone
		{24A11694-AD4C-438A-A22B-9CDD2924B697}.Release|iPhone.Build.0 = Release|iPhone
		{24A11694-AD4C-438A-A22B-9CDD2924B697}.Release|iPhoneSimulator.ActiveCfg = Release|iPhoneSimulator
		{24A11694-AD4C-438A-A22B-9CDD2924B697}.Release|iPhoneSimulator.Build.0 = Release|iPhoneSimulator
		{24A11694-AD4C-438A-A22B-9CDD2924B697}.Release|x64.ActiveCfg = Release|iPhone
		{24A11694-AD4C-438A-A22B-9CDD2924B697}.Release|x86.ActiveCfg = Release|iPhone
		{E9897E2B-4BEC-49D4-83B5-086E352FEC66}.Ad-Hoc|Any CPU.ActiveCfg = Release|Any CPU
		{E9897E2B-4BEC-49D4-83B5-086E352FEC66}.Ad-Hoc|Any CPU.Build.0 = Release|Any CPU
		{E9897E2B-4BEC-49D4-83B5-086E352FEC66}.Ad-Hoc|ARM.ActiveCfg = Release|Any CPU
		{E9897E2B-4BEC-49D4-83B5-086E352FEC66}.Ad-Hoc|ARM.Build.0 = Release|Any CPU
		{E9897E2B-4BEC-49D4-83B5-086E352FEC66}.Ad-Hoc|Device.ActiveCfg = Release|Any CPU
		{E9897E2B-4BEC-49D4-83B5-086E352FEC66}.Ad-Hoc|Device.Build.0 = Release|Any CPU
		{E9897E2B-4BEC-49D4-83B5-086E352FEC66}.Ad-Hoc|iPhone.ActiveCfg = Release|Any CPU
		{E9897E2B-4BEC-49D4-83B5-086E352FEC66}.Ad-Hoc|iPhone.Build.0 = Release|Any CPU
		{E9897E2B-4BEC-49D4-83B5-086E352FEC66}.Ad-Hoc|iPhoneSimulator.ActiveCfg = Release|Any CPU
		{E9897E2B-4BEC-49D4-83B5-086E352FEC66}.Ad-Hoc|iPhoneSimulator.Build.0 = Release|Any CPU
		{E9897E2B-4BEC-49D4-83B5-086E352FEC66}.Ad-Hoc|x64.ActiveCfg = Release|Any CPU
		{E9897E2B-4BEC-49D4-83B5-086E352FEC66}.Ad-Hoc|x64.Build.0 = Release|Any CPU
		{E9897E2B-4BEC-49D4-83B5-086E352FEC66}.Ad-Hoc|x86.ActiveCfg = Release|Any CPU
		{E9897E2B-4BEC-49D4-83B5-086E352FEC66}.Ad-Hoc|x86.Build.0 = Release|Any CPU
		{E9897E2B-4BEC-49D4-83B5-086E352FEC66}.AppStore|Any CPU.ActiveCfg = Release|Any CPU
		{E9897E2B-4BEC-49D4-83B5-086E352FEC66}.AppStore|Any CPU.Build.0 = Release|Any CPU
		{E9897E2B-4BEC-49D4-83B5-086E352FEC66}.AppStore|ARM.ActiveCfg = Release|Any CPU
		{E9897E2B-4BEC-49D4-83B5-086E352FEC66}.AppStore|ARM.Build.0 = Release|Any CPU
		{E9897E2B-4BEC-49D4-83B5-086E352FEC66}.AppStore|Device.ActiveCfg = Release|Any CPU
		{E9897E2B-4BEC-49D4-83B5-086E352FEC66}.AppStore|Device.Build.0 = Release|Any CPU
		{E9897E2B-4BEC-49D4-83B5-086E352FEC66}.AppStore|iPhone.ActiveCfg = Release|Any CPU
		{E9897E2B-4BEC-49D4-83B5-086E352FEC66}.AppStore|iPhone.Build.0 = Release|Any CPU
		{E9897E2B-4BEC-49D4-83B5-086E352FEC66}.AppStore|iPhoneSimulator.ActiveCfg = Release|Any CPU
		{E9897E2B-4BEC-49D4-83B5-086E352FEC66}.AppStore|iPhoneSimulator.Build.0 = Release|Any CPU
		{E9897E2B-4BEC-49D4-83B5-086E352FEC66}.AppStore|x64.ActiveCfg = Release|Any CPU
		{E9897E2B-4BEC-49D4-83B5-086E352FEC66}.AppStore|x64.Build.0 = Release|Any CPU
		{E9897E2B-4BEC-49D4-83B5-086E352FEC66}.AppStore|x86.ActiveCfg = Release|Any CPU
		{E9897E2B-4BEC-49D4-83B5-086E352FEC66}.AppStore|x86.Build.0 = Release|Any CPU
		{E9897E2B-4BEC-49D4-83B5-086E352FEC66}.Debug|Any CPU.ActiveCfg = Debug|Any CPU
		{E9897E2B-4BEC-49D4-83B5-086E352FEC66}.Debug|Any CPU.Build.0 = Debug|Any CPU
		{E9897E2B-4BEC-49D4-83B5-086E352FEC66}.Debug|ARM.ActiveCfg = Debug|Any CPU
		{E9897E2B-4BEC-49D4-83B5-086E352FEC66}.Debug|ARM.Build.0 = Debug|Any CPU
		{E9897E2B-4BEC-49D4-83B5-086E352FEC66}.Debug|Device.ActiveCfg = Debug|Any CPU
		{E9897E2B-4BEC-49D4-83B5-086E352FEC66}.Debug|Device.Build.0 = Debug|Any CPU
		{E9897E2B-4BEC-49D4-83B5-086E352FEC66}.Debug|iPhone.ActiveCfg = Debug|Any CPU
		{E9897E2B-4BEC-49D4-83B5-086E352FEC66}.Debug|iPhone.Build.0 = Debug|Any CPU
		{E9897E2B-4BEC-49D4-83B5-086E352FEC66}.Debug|iPhoneSimulator.ActiveCfg = Debug|Any CPU
		{E9897E2B-4BEC-49D4-83B5-086E352FEC66}.Debug|iPhoneSimulator.Build.0 = Debug|Any CPU
		{E9897E2B-4BEC-49D4-83B5-086E352FEC66}.Debug|x64.ActiveCfg = Debug|Any CPU
		{E9897E2B-4BEC-49D4-83B5-086E352FEC66}.Debug|x64.Build.0 = Debug|Any CPU
		{E9897E2B-4BEC-49D4-83B5-086E352FEC66}.Debug|x86.ActiveCfg = Debug|Any CPU
		{E9897E2B-4BEC-49D4-83B5-086E352FEC66}.Debug|x86.Build.0 = Debug|Any CPU
		{E9897E2B-4BEC-49D4-83B5-086E352FEC66}.Release|Any CPU.ActiveCfg = Release|Any CPU
		{E9897E2B-4BEC-49D4-83B5-086E352FEC66}.Release|Any CPU.Build.0 = Release|Any CPU
		{E9897E2B-4BEC-49D4-83B5-086E352FEC66}.Release|ARM.ActiveCfg = Release|Any CPU
		{E9897E2B-4BEC-49D4-83B5-086E352FEC66}.Release|ARM.Build.0 = Release|Any CPU
		{E9897E2B-4BEC-49D4-83B5-086E352FEC66}.Release|Device.ActiveCfg = Release|Any CPU
		{E9897E2B-4BEC-49D4-83B5-086E352FEC66}.Release|Device.Build.0 = Release|Any CPU
		{E9897E2B-4BEC-49D4-83B5-086E352FEC66}.Release|iPhone.ActiveCfg = Release|Any CPU
		{E9897E2B-4BEC-49D4-83B5-086E352FEC66}.Release|iPhone.Build.0 = Release|Any CPU
		{E9897E2B-4BEC-49D4-83B5-086E352FEC66}.Release|iPhoneSimulator.ActiveCfg = Release|Any CPU
		{E9897E2B-4BEC-49D4-83B5-086E352FEC66}.Release|iPhoneSimulator.Build.0 = Release|Any CPU
		{E9897E2B-4BEC-49D4-83B5-086E352FEC66}.Release|x64.ActiveCfg = Release|Any CPU
		{E9897E2B-4BEC-49D4-83B5-086E352FEC66}.Release|x64.Build.0 = Release|Any CPU
		{E9897E2B-4BEC-49D4-83B5-086E352FEC66}.Release|x86.ActiveCfg = Release|Any CPU
		{E9897E2B-4BEC-49D4-83B5-086E352FEC66}.Release|x86.Build.0 = Release|Any CPU
	EndGlobalSection
	GlobalSection(SolutionProperties) = preSolution
		HideSolutionNode = FALSE
	EndGlobalSection
	GlobalSection(ExtensibilityGlobals) = postSolution
		SolutionGuid = {8E208D99-7E5A-4852-887A-C5F627A1FD5E}
	EndGlobalSection
EndGlobal
